{
  "name": "public",
  "version": "1.0.0",
  "lockfileVersion": 1,
  "requires": true,
  "dependencies": {
    "@mdi/font": {
      "version": "3.0.39",
      "resolved": "https://registry.npmjs.org/@mdi/font/-/font-3.0.39.tgz",
      "integrity": "sha512-VnPxEXsiV+YP9NO7XyQEvs1tBxkmtPzib9dRq/1CqubaZy9oeP7Jmgd/IEya8Z3bVyj+NZpwS0YGZW1kvx2eFQ=="
    },
    "angular": {
      "version": "1.7.5",
      "resolved": "https://registry.npmjs.org/angular/-/angular-1.7.5.tgz",
      "integrity": "sha512-760183yxtGzni740IBTieNuWLtPNAoMqvmC0Z62UoU0I3nqk+VJuO3JbQAXOyvo3Oy/ZsdNQwrSTh/B0OQZjNw=="
    },
    "angular-animate": {
      "version": "1.7.5",
      "resolved": "https://registry.npmjs.org/angular-animate/-/angular-animate-1.7.5.tgz",
      "integrity": "sha512-kU/fHIGf2a4a3bH7E1tzALTHk+QfoUSCK9fEcMFisd6ZWvNDwPzXWAilItqOC3EDiAXPmGHaNc9/aXiD9xrAxQ=="
    },
    "angular-aria": {
      "version": "1.7.5",
      "resolved": "https://registry.npmjs.org/angular-aria/-/angular-aria-1.7.5.tgz",
      "integrity": "sha512-X2dGRw+PK7hrV7/X1Ns4e5P3KC/OBFi1l7z//D/v7zbZObsAx48qBoX7unsck+s4+mnO+ikNNkHG5N49VfAyRw=="
    },
    "angular-locale-pt-br": {
      "version": "1.3.16",
      "resolved": "https://registry.npmjs.org/angular-locale-pt-br/-/angular-locale-pt-br-1.3.16.tgz",
      "integrity": "sha512-UIlnWcZUA79sX92IcyGKpcD4CB38G9XFgAqXngqEKaKTCBcH8rO59iv5Fa53nPYczJcR9fJTLCHEOnV+cYX5BA=="
    },
    "angular-material": {
      "version": "1.1.10",
      "resolved": "https://registry.npmjs.org/angular-material/-/angular-material-1.1.10.tgz",
      "integrity": "sha512-LfBt5a1AVPbtsFzbmAyyZj90Gtc1U94OGtfMEauGzwsfqTnbH/y/9dtndH84N9S65wXkBoBe3VG6kfyoQSeCVw=="
    },
    "angular-material-data-table": {
      "version": "0.10.10",
      "resolved": "https://registry.npmjs.org/angular-material-data-table/-/angular-material-data-table-0.10.10.tgz",
      "integrity": "sha1-IptAJ0XsGhRvB9qNHlJr5lQISe4="
    },
    "angular-messages": {
      "version": "1.7.5",
      "resolved": "https://registry.npmjs.org/angular-messages/-/angular-messages-1.7.5.tgz",
      "integrity": "sha512-YDpJpFLyrIgZjE/sIAjgww1y6r3QqXBJbNDI0QjftD37vHXLkwvAOo3A4bxPw8BikyGLcJrFrgf6hRAzntJIWA=="
    },
    "angular-resource": {
      "version": "1.7.5",
      "resolved": "https://registry.npmjs.org/angular-resource/-/angular-resource-1.7.5.tgz",
      "integrity": "sha512-zlCKVNa2nnZNb4Lz3YFPKhsYG+v+t4STEsjkWRbii6PfwSrtH9R/zGpCOkBNFnq3naeZMMmd5aIIgHi5a7k9jA=="
    },
    "angular-route": {
      "version": "1.7.5",
      "resolved": "https://registry.npmjs.org/angular-route/-/angular-route-1.7.5.tgz",
      "integrity": "sha512-7KfyEVVOWTI+jTY/j5rUNCIHGRyeCOx7YqZI/Ci3IbDK7GIsy6xH+hS5ai0Xi0sLjzDZ0PUDO4gBn+K0dVtlOg=="
    },
    "angular-sanitize": {
      "version": "1.7.5",
      "resolved": "https://registry.npmjs.org/angular-sanitize/-/angular-sanitize-1.7.5.tgz",
      "integrity": "sha512-wjKCJOIwrkEvfD0keTnKGi6We13gtoCAQIHcdoqyoo3gwvcgNfYymVQIS3+iCGVcjfWz0jHuS3KgB4ysRWsTTA=="
    },
    "angular-xeditable": {
      "version": "0.9.0",
      "resolved": "https://registry.npmjs.org/angular-xeditable/-/angular-xeditable-0.9.0.tgz",
      "integrity": "sha512-ss1M4VGUmXeIxnPEKRhOE7iTkfPnjYQ0yYCjv8SdrM2WHet4ULw4IDTkr7vuq1WMn0Nd29QijTwTDZNZQFJfyw==",
      "requires": {
        "angular": "~1.x"
      }
    },
    "bootstrap": {
      "version": "4.1.3",
      "resolved": "https://registry.npmjs.org/bootstrap/-/bootstrap-4.1.3.tgz",
      "integrity": "sha512-rDFIzgXcof0jDyjNosjv4Sno77X4KuPeFxG2XZZv1/Kc8DRVGVADdoQyyOVDwPqL36DDmtCQbrpMCqvpPLJQ0w=="
    },
    "jquery": {
      "version": "3.3.1",
      "resolved": "https://registry.npmjs.org/jquery/-/jquery-3.3.1.tgz",
      "integrity": "sha512-Ubldcmxp5np52/ENotGxlLe6aGMvmF4R8S6tZjsP6Knsaxd/xp3Zrh50cG93lR6nPXyUFwzN3ZSOQI0wRJNdGg=="
    },
    "ngstorage": {
      "version": "0.3.11",
      "resolved": "https://registry.npmjs.org/ngstorage/-/ngstorage-0.3.11.tgz",
      "integrity": "sha1-FjfEW4ctkJ2cx+GLN0iY1QsuhE8="
    }
  }
}
